
Microsoft Visual Studio Solution File, Format Version 11.00
# Visual Studio 2010
Project("{FAE04EC0-301F-11D3-BF4B-00C04F79EFBC}") = "Node-Based Editor", "Assembly-CSharp.csproj", "{82F7B2C5-30DD-FB1F-38E2-258BA6F0EEAE}"
EndProject
Project("{FAE04EC0-301F-11D3-BF4B-00C04F79EFBC}") = "Node-Based Editor", "Assembly-CSharp-Editor.csproj", "{7B906CAC-F51A-0172-5C2A-602774EDFCF7}"
EndProject
Global
	GlobalSection(SolutionConfigurationPlatforms) = preSolution
		Debug|Any CPU = Debug|Any CPU
		Release|Any CPU = Release|Any CPU
	EndGlobalSection
	GlobalSection(ProjectConfigurationPlatforms) = postSolution
		{82F7B2C5-30DD-FB1F-38E2-258BA6F0EEAE}.Debug|Any CPU.ActiveCfg = Debug|Any CPU
		{82F7B2C5-30DD-FB1F-38E2-258BA6F0EEAE}.Debug|Any CPU.Build.0 = Debug|Any CPU
		{82F7B2C5-30DD-FB1F-38E2-258BA6F0EEAE}.Release|Any CPU.ActiveCfg = Release|Any CPU
		{82F7B2C5-30DD-FB1F-38E2-258BA6F0EEAE}.Release|Any CPU.Build.0 = Release|Any CPU
		{7B906CAC-F51A-0172-5C2A-602774EDFCF7}.Debug|Any CPU.ActiveCfg = Debug|Any CPU
		{7B906CAC-F51A-0172-5C2A-602774EDFCF7}.Debug|Any CPU.Build.0 = Debug|Any CPU
		{7B906CAC-F51A-0172-5C2A-602774EDFCF7}.Release|Any CPU.ActiveCfg = Release|Any CPU
		{7B906CAC-F51A-0172-5C2A-602774EDFCF7}.Release|Any CPU.Build.0 = Release|Any CPU
	EndGlobalSection
	GlobalSection(SolutionProperties) = preSolution
		HideSolutionNode = FALSE
	EndGlobalSection
	GlobalSection(MonoDevelopProperties) = preSolution
		StartupItem = Assembly-CSharp.csproj
	EndGlobalSection
EndGlobal
